
Microsoft Visual Studio Solution File, Format Version 12.00
# Visual Studio Version 17
VisualStudioVersion = 17.0.32112.339
MinimumVisualStudioVersion = 10.0.40219.1
Project("{FAE04EC0-301F-11D3-BF4B-00C04F79EFBC}") = "NCAT", "NCAT\NCAT.csproj", "{B9355416-34E9-4174-AF9C-F2DFD5313526}"
EndProject
Global
	GlobalSection(SolutionConfigurationPlatforms) = preSolution
		Debug|Any CPU = Debug|Any CPU
		Release|Any CPU = Release|Any CPU
	EndGlobalSection
	GlobalSection(ProjectConfigurationPlatforms) = postSolution
		{B9355416-34E9-4174-AF9C-F2DFD5313526}.Debug|Any CPU.ActiveCfg = Debug|Any CPU
		{B9355416-34E9-4174-AF9C-F2DFD5313526}.Debug|Any CPU.Build.0 = Debug|Any CPU
		{B9355416-34E9-4174-AF9C-F2DFD5313526}.Release|Any CPU.ActiveCfg = Release|Any CPU
		{B9355416-34E9-4174-AF9C-F2DFD5313526}.Release|Any CPU.Build.0 = Release|Any CPU
	EndGlobalSection
	GlobalSection(SolutionProperties) = preSolution
		HideSolutionNode = FALSE
	EndGlobalSection
	GlobalSection(ExtensibilityGlobals) = postSolution
		SolutionGuid = {D51CE35C-C5FD-40D2-B0B7-C19E457C6A98}
	EndGlobalSection
EndGlobal
